
Microsoft Visual Studio Solution File, Format Version 12.00
# Visual Studio Version 16
VisualStudioVersion = 16.0.29519.181
MinimumVisualStudioVersion = 10.0.40219.1
Project("{8BC9CEB8-8B4A-11D0-8D11-00A0C91BC942}") = "Search Tool Control-m", "Search Tool Control-m.vcxproj", "{6CD10E86-119F-47CD-B9F4-2E1490E5B152}"
EndProject
Global
	GlobalSection(SolutionConfigurationPlatforms) = preSolution
		Debug|x64 = Debug|x64
		Debug|x86 = Debug|x86
		Release|x64 = Release|x64
		Release|x86 = Release|x86
	EndGlobalSection
	GlobalSection(ProjectConfigurationPlatforms) = postSolution
		{6CD10E86-119F-47CD-B9F4-2E1490E5B152}.Debug|x64.ActiveCfg = Debug|x64
		{6CD10E86-119F-47CD-B9F4-2E1490E5B152}.Debug|x64.Build.0 = Debug|x64
		{6CD10E86-119F-47CD-B9F4-2E1490E5B152}.Debug|x86.ActiveCfg = Debug|Win32
		{6CD10E86-119F-47CD-B9F4-2E1490E5B152}.Debug|x86.Build.0 = Debug|Win32
		{6CD10E86-119F-47CD-B9F4-2E1490E5B152}.Release|x64.ActiveCfg = Release|x64
		{6CD10E86-119F-47CD-B9F4-2E1490E5B152}.Release|x64.Build.0 = Release|x64
		{6CD10E86-119F-47CD-B9F4-2E1490E5B152}.Release|x86.ActiveCfg = Release|Win32
		{6CD10E86-119F-47CD-B9F4-2E1490E5B152}.Release|x86.Build.0 = Release|Win32
	EndGlobalSection
	GlobalSection(SolutionProperties) = preSolution
		HideSolutionNode = FALSE
	EndGlobalSection
	GlobalSection(ExtensibilityGlobals) = postSolution
		SolutionGuid = {F67C50BF-EDE9-4982-871B-0B50D16B3CCD}
	EndGlobalSection
EndGlobal
